// !$*UTF8*$!
{
	archiveVersion = 1;
	classes = {
	};
	objectVersion = 56;
	objects = {

/* Begin PBXBuildFile section */
		A20FB65E2BE544030092F118 /* Analizador.swift in Sources */ = {isa = PBXBuildFile; fileRef = A20FB65D2BE544030092F118 /* Analizador.swift */; };
		D317A94E2BD228E400C04D71 /* AppDelegate.swift in Sources */ = {isa = PBXBuildFile; fileRef = D317A94D2BD228E400C04D71 /* AppDelegate.swift */; };
		D317A9502BD228E400C04D71 /* SceneDelegate.swift in Sources */ = {isa = PBXBuildFile; fileRef = D317A94F2BD228E400C04D71 /* SceneDelegate.swift */; };
		D317A9522BD228E400C04D71 /* ViewController.swift in Sources */ = {isa = PBXBuildFile; fileRef = D317A9512BD228E400C04D71 /* ViewController.swift */; };
		D317A9552BD228E400C04D71 /* Main.storyboard in Resources */ = {isa = PBXBuildFile; fileRef = D317A9532BD228E400C04D71 /* Main.storyboard */; };
		D317A9572BD228E600C04D71 /* Assets.xcassets in Resources */ = {isa = PBXBuildFile; fileRef = D317A9562BD228E600C04D71 /* Assets.xcassets */; };
		D317A95A2BD228E600C04D71 /* LaunchScreen.storyboard in Resources */ = {isa = PBXBuildFile; fileRef = D317A9582BD228E600C04D71 /* LaunchScreen.storyboard */; };
		D317A9622BD228FB00C04D71 /* MiCollectionViewCell.swift in Sources */ = {isa = PBXBuildFile; fileRef = D317A9612BD228FB00C04D71 /* MiCollectionViewCell.swift */; };
		D317A9642BD2391400C04D71 /* Avion.swift in Sources */ = {isa = PBXBuildFile; fileRef = D317A9632BD2391400C04D71 /* Avion.swift */; };
		D317A9662BD239B900C04D71 /* Direccion.swift in Sources */ = {isa = PBXBuildFile; fileRef = D317A9652BD239B900C04D71 /* Direccion.swift */; };
		D317A9682BD23C2700C04D71 /* Planificador.swift in Sources */ = {isa = PBXBuildFile; fileRef = D317A9672BD23C2700C04D71 /* Planificador.swift */; };
		D317A96A2BD23DE400C04D71 /* Plano.swift in Sources */ = {isa = PBXBuildFile; fileRef = D317A9692BD23DE400C04D71 /* Plano.swift */; };
		D317A96E2BD248BA00C04D71 /* Aeromexico.swift in Sources */ = {isa = PBXBuildFile; fileRef = D317A96D2BD248BA00C04D71 /* Aeromexico.swift */; };
		D317A9702BD2498800C04D71 /* AmericanAirlines.swift in Sources */ = {isa = PBXBuildFile; fileRef = D317A96F2BD2498800C04D71 /* AmericanAirlines.swift */; };
/* End PBXBuildFile section */

/* Begin PBXFileReference section */
		A20FB65D2BE544030092F118 /* Analizador.swift */ = {isa = PBXFileReference; lastKnownFileType = sourcecode.swift; path = Analizador.swift; sourceTree = "<group>"; };
		D317A94A2BD228E400C04D71 /* Colleciones.app */ = {isa = PBXFileReference; explicitFileType = wrapper.application; includeInIndex = 0; path = Colleciones.app; sourceTree = BUILT_PRODUCTS_DIR; };
		D317A94D2BD228E400C04D71 /* AppDelegate.swift */ = {isa = PBXFileReference; lastKnownFileType = sourcecode.swift; path = AppDelegate.swift; sourceTree = "<group>"; };
		D317A94F2BD228E400C04D71 /* SceneDelegate.swift */ = {isa = PBXFileReference; lastKnownFileType = sourcecode.swift; path = SceneDelegate.swift; sourceTree = "<group>"; };
		D317A9512BD228E400C04D71 /* ViewController.swift */ = {isa = PBXFileReference; lastKnownFileType = sourcecode.swift; path = ViewController.swift; sourceTree = "<group>"; };
		D317A9542BD228E400C04D71 /* Base */ = {isa = PBXFileReference; lastKnownFileType = file.storyboard; name = Base; path = Base.lproj/Main.storyboard; sourceTree = "<group>"; };
		D317A9562BD228E600C04D71 /* Assets.xcassets */ = {isa = PBXFileReference; lastKnownFileType = folder.assetcatalog; path = Assets.xcassets; sourceTree = "<group>"; };
		D317A9592BD228E600C04D71 /* Base */ = {isa = PBXFileReference; lastKnownFileType = file.storyboard; name = Base; path = Base.lproj/LaunchScreen.storyboard; sourceTree = "<group>"; };
		D317A95B2BD228E600C04D71 /* Info.plist */ = {isa = PBXFileReference; lastKnownFileType = text.plist.xml; path = Info.plist; sourceTree = "<group>"; };
		D317A9612BD228FB00C04D71 /* MiCollectionViewCell.swift */ = {isa = PBXFileReference; lastKnownFileType = sourcecode.swift; path = MiCollectionViewCell.swift; sourceTree = "<group>"; };
		D317A9632BD2391400C04D71 /* Avion.swift */ = {isa = PBXFileReference; lastKnownFileType = sourcecode.swift; path = Avion.swift; sourceTree = "<group>"; };
		D317A9652BD239B900C04D71 /* Direccion.swift */ = {isa = PBXFileReference; lastKnownFileType = sourcecode.swift; path = Direccion.swift; sourceTree = "<group>"; };
		D317A9672BD23C2700C04D71 /* Planificador.swift */ = {isa = PBXFileReference; lastKnownFileType = sourcecode.swift; path = Planificador.swift; sourceTree = "<group>"; };
		D317A9692BD23DE400C04D71 /* Plano.swift */ = {isa = PBXFileReference; lastKnownFileType = sourcecode.swift; path = Plano.swift; sourceTree = "<group>"; };
		D317A96D2BD248BA00C04D71 /* Aeromexico.swift */ = {isa = PBXFileReference; lastKnownFileType = sourcecode.swift; path = Aeromexico.swift; sourceTree = "<group>"; };
		D317A96F2BD2498800C04D71 /* AmericanAirlines.swift */ = {isa = PBXFileReference; lastKnownFileType = sourcecode.swift; path = AmericanAirlines.swift; sourceTree = "<group>"; };
/* End PBXFileReference section */

/* Begin PBXFrameworksBuildPhase section */
		D317A9472BD228E400C04D71 /* Frameworks */ = {
			isa = PBXFrameworksBuildPhase;
			buildActionMask = 2147483647;
			files = (
			);
			runOnlyForDeploymentPostprocessing = 0;
		};
/* End PBXFrameworksBuildPhase section */

/* Begin PBXGroup section */
		D317A9412BD228E400C04D71 = {
			isa = PBXGroup;
			children = (
				D317A94C2BD228E400C04D71 /* Colleciones */,
				D317A94B2BD228E400C04D71 /* Products */,
			);
			sourceTree = "<group>";
		};
		D317A94B2BD228E400C04D71 /* Products */ = {
			isa = PBXGroup;
			children = (
				D317A94A2BD228E400C04D71 /* Colleciones.app */,
			);
			name = Products;
			sourceTree = "<group>";
		};
		D317A94C2BD228E400C04D71 /* Colleciones */ = {
			isa = PBXGroup;
			children = (
				D317A94D2BD228E400C04D71 /* AppDelegate.swift */,
				D317A94F2BD228E400C04D71 /* SceneDelegate.swift */,
				D317A9512BD228E400C04D71 /* ViewController.swift */,
				D317A9612BD228FB00C04D71 /* MiCollectionViewCell.swift */,
				D317A9632BD2391400C04D71 /* Avion.swift */,
				D317A9652BD239B900C04D71 /* Direccion.swift */,
				D317A9672BD23C2700C04D71 /* Planificador.swift */,
				D317A9692BD23DE400C04D71 /* Plano.swift */,
				D317A96D2BD248BA00C04D71 /* Aeromexico.swift */,
				D317A96F2BD2498800C04D71 /* AmericanAirlines.swift */,
				A20FB65D2BE544030092F118 /* Analizador.swift */,
				D317A9532BD228E400C04D71 /* Main.storyboard */,
				D317A9582BD228E600C04D71 /* LaunchScreen.storyboard */,
				D317A95B2BD228E600C04D71 /* Info.plist */,
				D317A9562BD228E600C04D71 /* Assets.xcassets */,
			);
			path = Colleciones;
			sourceTree = "<group>";
		};
/* End PBXGroup section */

/* Begin PBXNativeTarget section */
		D317A9492BD228E400C04D71 /* Colleciones */ = {
			isa = PBXNativeTarget;
			buildConfigurationList = D317A95E2BD228E600C04D71 /* Build configuration list for PBXNativeTarget "Colleciones" */;
			buildPhases = (
				D317A9462BD228E400C04D71 /* Sources */,
				D317A9472BD228E400C04D71 /* Frameworks */,
				D317A9482BD228E400C04D71 /* Resources */,
			);
			buildRules = (
			);
			dependencies = (
			);
			name = Colleciones;
			productName = Colleciones;
			productReference = D317A94A2BD228E400C04D71 /* Colleciones.app */;
			productType = "com.apple.product-type.application";
		};
/* End PBXNativeTarget section */

/* Begin PBXProject section */
		D317A9422BD228E400C04D71 /* Project object */ = {
			isa = PBXProject;
			attributes = {
				BuildIndependentTargetsInParallel = 1;
				LastSwiftUpdateCheck = 1510;
				LastUpgradeCheck = 1510;
				TargetAttributes = {
					D317A9492BD228E400C04D71 = {
						CreatedOnToolsVersion = 15.1;
					};
				};
			};
			buildConfigurationList = D317A9452BD228E400C04D71 /* Build configuration list for PBXProject "Colleciones" */;
			compatibilityVersion = "Xcode 14.0";
			developmentRegion = en;
			hasScannedForEncodings = 0;
			knownRegions = (
				en,
				Base,
			);
			mainGroup = D317A9412BD228E400C04D71;
			productRefGroup = D317A94B2BD228E400C04D71 /* Products */;
			projectDirPath = "";
			projectRoot = "";
			targets = (
				D317A9492BD228E400C04D71 /* Colleciones */,
			);
		};
/* End PBXProject section */

/* Begin PBXResourcesBuildPhase section */
		D317A9482BD228E400C04D71 /* Resources */ = {
			isa = PBXResourcesBuildPhase;
			buildActionMask = 2147483647;
			files = (
				D317A95A2BD228E600C04D71 /* LaunchScreen.storyboard in Resources */,
				D317A9572BD228E600C04D71 /* Assets.xcassets in Resources */,
				D317A9552BD228E400C04D71 /* Main.storyboard in Resources */,
			);
			runOnlyForDeploymentPostprocessing = 0;
		};
/* End PBXResourcesBuildPhase section */

/* Begin PBXSourcesBuildPhase section */
		D317A9462BD228E400C04D71 /* Sources */ = {
			isa = PBXSourcesBuildPhase;
			buildActionMask = 2147483647;
			files = (
				D317A96A2BD23DE400C04D71 /* Plano.swift in Sources */,
				D317A9662BD239B900C04D71 /* Direccion.swift in Sources */,
				D317A96E2BD248BA00C04D71 /* Aeromexico.swift in Sources */,
				D317A9522BD228E400C04D71 /* ViewController.swift in Sources */,
				D317A9682BD23C2700C04D71 /* Planificador.swift in Sources */,
				D317A94E2BD228E400C04D71 /* AppDelegate.swift in Sources */,
				D317A9702BD2498800C04D71 /* AmericanAirlines.swift in Sources */,
				D317A9622BD228FB00C04D71 /* MiCollectionViewCell.swift in Sources */,
				A20FB65E2BE544030092F118 /* Analizador.swift in Sources */,
				D317A9642BD2391400C04D71 /* Avion.swift in Sources */,
				D317A9502BD228E400C04D71 /* SceneDelegate.swift in Sources */,
			);
			runOnlyForDeploymentPostprocessing = 0;
		};
/* End PBXSourcesBuildPhase section */

/* Begin PBXVariantGroup section */
		D317A9532BD228E400C04D71 /* Main.storyboard */ = {
			isa = PBXVariantGroup;
			children = (
				D317A9542BD228E400C04D71 /* Base */,
			);
			name = Main.storyboard;
			sourceTree = "<group>";
		};
		D317A9582BD228E600C04D71 /* LaunchScreen.storyboard */ = {
			isa = PBXVariantGroup;
			children = (
				D317A9592BD228E600C04D71 /* Base */,
			);
			name = LaunchScreen.storyboard;
			sourceTree = "<group>";
		};
/* End PBXVariantGroup section */

/* Begin XCBuildConfiguration section */
		D317A95C2BD228E600C04D71 /* Debug */ = {
			isa = XCBuildConfiguration;
			buildSettings = {
				ALWAYS_SEARCH_USER_PATHS = NO;
				ASSETCATALOG_COMPILER_GENERATE_SWIFT_ASSET_SYMBOL_EXTENSIONS = YES;
				CLANG_ANALYZER_NONNULL = YES;
				CLANG_ANALYZER_NUMBER_OBJECT_CONVERSION = YES_AGGRESSIVE;
				CLANG_CXX_LANGUAGE_STANDARD = "gnu++20";
				CLANG_ENABLE_MODULES = YES;
				CLANG_ENABLE_OBJC_ARC = YES;
				CLANG_ENABLE_OBJC_WEAK = YES;
				CLANG_WARN_BLOCK_CAPTURE_AUTORELEASING = YES;
				CLANG_WARN_BOOL_CONVERSION = YES;
				CLANG_WARN_COMMA = YES;
				CLANG_WARN_CONSTANT_CONVERSION = YES;
				CLANG_WARN_DEPRECATED_OBJC_IMPLEMENTATIONS = YES;
				CLANG_WARN_DIRECT_OBJC_ISA_USAGE = YES_ERROR;
				CLANG_WARN_DOCUMENTATION_COMMENTS = YES;
				CLANG_WARN_EMPTY_BODY = YES;
				CLANG_WARN_ENUM_CONVERSION = YES;
				CLANG_WARN_INFINITE_RECURSION = YES;
				CLANG_WARN_INT_CONVERSION = YES;
				CLANG_WARN_NON_LITERAL_NULL_CONVERSION = YES;
				CLANG_WARN_OBJC_IMPLICIT_RETAIN_SELF = YES;
				CLANG_WARN_OBJC_LITERAL_CONVERSION = YES;
				CLANG_WARN_OBJC_ROOT_CLASS = YES_ERROR;
				CLANG_WARN_QUOTED_INCLUDE_IN_FRAMEWORK_HEADER = YES;
				CLANG_WARN_RANGE_LOOP_ANALYSIS = YES;
				CLANG_WARN_STRICT_PROTOTYPES = YES;
				CLANG_WARN_SUSPICIOUS_MOVE = YES;
				CLANG_WARN_UNGUARDED_AVAILABILITY = YES_AGGRESSIVE;
				CLANG_WARN_UNREACHABLE_CODE = YES;
				CLANG_WARN__DUPLICATE_METHOD_MATCH = YES;
				COPY_PHASE_STRIP = NO;
				DEBUG_INFORMATION_FORMAT = dwarf;
				ENABLE_STRICT_OBJC_MSGSEND = YES;
				ENABLE_TESTABILITY = YES;
				ENABLE_USER_SCRIPT_SANDBOXING = YES;
				GCC_C_LANGUAGE_STANDARD = gnu17;
				GCC_DYNAMIC_NO_PIC = NO;
				GCC_NO_COMMON_BLOCKS = YES;
				GCC_OPTIMIZATION_LEVEL = 0;
				GCC_PREPROCESSOR_DEFINITIONS = (
					"DEBUG=1",
					"$(inherited)",
				);
				GCC_WARN_64_TO_32_BIT_CONVERSION = YES;
				GCC_WARN_ABOUT_RETURN_TYPE = YES_ERROR;
				GCC_WARN_UNDECLARED_SELECTOR = YES;
				GCC_WARN_UNINITIALIZED_AUTOS = YES_AGGRESSIVE;
				GCC_WARN_UNUSED_FUNCTION = YES;
				GCC_WARN_UNUSED_VARIABLE = YES;
				IPHONEOS_DEPLOYMENT_TARGET = 17.2;
				LOCALIZATION_PREFERS_STRING_CATALOGS = YES;
				MTL_ENABLE_DEBUG_INFO = INCLUDE_SOURCE;
				MTL_FAST_MATH = YES;
				ONLY_ACTIVE_ARCH = YES;
				SDKROOT = iphoneos;
				SWIFT_ACTIVE_COMPILATION_CONDITIONS = "DEBUG $(inherited)";
				SWIFT_OPTIMIZATION_LEVEL = "-Onone";
			};
			name = Debug;
		};
		D317A95D2BD228E600C04D71 /* Release */ = {
			isa = XCBuildConfiguration;
			buildSettings = {
				ALWAYS_SEARCH_USER_PATHS = NO;
				ASSETCATALOG_COMPILER_GENERATE_SWIFT_ASSET_SYMBOL_EXTENSIONS = YES;
				CLANG_ANALYZER_NONNULL = YES;
				CLANG_ANALYZER_NUMBER_OBJECT_CONVERSION = YES_AGGRESSIVE;
				CLANG_CXX_LANGUAGE_STANDARD = "gnu++20";
				CLANG_ENABLE_MODULES = YES;
				CLANG_ENABLE_OBJC_ARC = YES;
				CLANG_ENABLE_OBJC_WEAK = YES;
				CLANG_WARN_BLOCK_CAPTURE_AUTORELEASING = YES;
				CLANG_WARN_BOOL_CONVERSION = YES;
				CLANG_WARN_COMMA = YES;
				CLANG_WARN_CONSTANT_CONVERSION = YES;
				CLANG_WARN_DEPRECATED_OBJC_IMPLEMENTATIONS = YES;
				CLANG_WARN_DIRECT_OBJC_ISA_USAGE = YES_ERROR;
				CLANG_WARN_DOCUMENTATION_COMMENTS = YES;
				CLANG_WARN_EMPTY_BODY = YES;
				CLANG_WARN_ENUM_CONVERSION = YES;
				CLANG_WARN_INFINITE_RECURSION = YES;
				CLANG_WARN_INT_CONVERSION = YES;
				CLANG_WARN_NON_LITERAL_NULL_CONVERSION = YES;
				CLANG_WARN_OBJC_IMPLICIT_RETAIN_SELF = YES;
				CLANG_WARN_OBJC_LITERAL_CONVERSION = YES;
				CLANG_WARN_OBJC_ROOT_CLASS = YES_ERROR;
				CLANG_WARN_QUOTED_INCLUDE_IN_FRAMEWORK_HEADER = YES;
				CLANG_WARN_RANGE_LOOP_ANALYSIS = YES;
				CLANG_WARN_STRICT_PROTOTYPES = YES;
				CLANG_WARN_SUSPICIOUS_MOVE = YES;
				CLANG_WARN_UNGUARDED_AVAILABILITY = YES_AGGRESSIVE;
				CLANG_WARN_UNREACHABLE_CODE = YES;
				CLANG_WARN__DUPLICATE_METHOD_MATCH = YES;
				COPY_PHASE_STRIP = NO;
				DEBUG_INFORMATION_FORMAT = "dwarf-with-dsym";
				ENABLE_NS_ASSERTIONS = NO;
				ENABLE_STRICT_OBJC_MSGSEND = YES;
				ENABLE_USER_SCRIPT_SANDBOXING = YES;
				GCC_C_LANGUAGE_STANDARD = gnu17;
				GCC_NO_COMMON_BLOCKS = YES;
				GCC_WARN_64_TO_32_BIT_CONVERSION = YES;
				GCC_WARN_ABOUT_RETURN_TYPE = YES_ERROR;
				GCC_WARN_UNDECLARED_SELECTOR = YES;
				GCC_WARN_UNINITIALIZED_AUTOS = YES_AGGRESSIVE;
				GCC_WARN_UNUSED_FUNCTION = YES;
				GCC_WARN_UNUSED_VARIABLE = YES;
				IPHONEOS_DEPLOYMENT_TARGET = 17.2;
				LOCALIZATION_PREFERS_STRING_CATALOGS = YES;
				MTL_ENABLE_DEBUG_INFO = NO;
				MTL_FAST_MATH = YES;
				SDKROOT = iphoneos;
				SWIFT_COMPILATION_MODE = wholemodule;
				VALIDATE_PRODUCT = YES;
			};
			name = Release;
		};
		D317A95F2BD228E600C04D71 /* Debug */ = {
			isa = XCBuildConfiguration;
			buildSettings = {
				ASSETCATALOG_COMPILER_APPICON_NAME = AppIcon;
				ASSETCATALOG_COMPILER_GLOBAL_ACCENT_COLOR_NAME = AccentColor;
				CODE_SIGN_STYLE = Automatic;
				CURRENT_PROJECT_VERSION = 1;
				GENERATE_INFOPLIST_FILE = YES;
				INFOPLIST_FILE = Colleciones/Info.plist;
				INFOPLIST_KEY_UIApplicationSupportsIndirectInputEvents = YES;
				INFOPLIST_KEY_UILaunchStoryboardName = LaunchScreen;
				INFOPLIST_KEY_UIMainStoryboardFile = Main;
				INFOPLIST_KEY_UISupportedInterfaceOrientations_iPad = "UIInterfaceOrientationPortrait UIInterfaceOrientationPortraitUpsideDown UIInterfaceOrientationLandscapeLeft UIInterfaceOrientationLandscapeRight";
				INFOPLIST_KEY_UISupportedInterfaceOrientations_iPhone = "UIInterfaceOrientationPortrait UIInterfaceOrientationLandscapeLeft UIInterfaceOrientationLandscapeRight";
				LD_RUNPATH_SEARCH_PATHS = (
					"$(inherited)",
					"@executable_path/Frameworks",
				);
				MARKETING_VERSION = 1.0;
				PRODUCT_BUNDLE_IDENTIFIER = swift.Colleciones;
				PRODUCT_NAME = "$(TARGET_NAME)";
				SWIFT_EMIT_LOC_STRINGS = YES;
				SWIFT_VERSION = 5.0;
				TARGETED_DEVICE_FAMILY = "1,2";
			};
			name = Debug;
		};
		D317A9602BD228E600C04D71 /* Release */ = {
			isa = XCBuildConfiguration;
			buildSettings = {
				ASSETCATALOG_COMPILER_APPICON_NAME = AppIcon;
				ASSETCATALOG_COMPILER_GLOBAL_ACCENT_COLOR_NAME = AccentColor;
				CODE_SIGN_STYLE = Automatic;
				CURRENT_PROJECT_VERSION = 1;
				GENERATE_INFOPLIST_FILE = YES;
				INFOPLIST_FILE = Colleciones/Info.plist;
				INFOPLIST_KEY_UIApplicationSupportsIndirectInputEvents = YES;
				INFOPLIST_KEY_UILaunchStoryboardName = LaunchScreen;
				INFOPLIST_KEY_UIMainStoryboardFile = Main;
				INFOPLIST_KEY_UISupportedInterfaceOrientations_iPad = "UIInterfaceOrientationPortrait UIInterfaceOrientationPortraitUpsideDown UIInterfaceOrientationLandscapeLeft UIInterfaceOrientationLandscapeRight";
				INFOPLIST_KEY_UISupportedInterfaceOrientations_iPhone = "UIInterfaceOrientationPortrait UIInterfaceOrientationLandscapeLeft UIInterfaceOrientationLandscapeRight";
				LD_RUNPATH_SEARCH_PATHS = (
					"$(inherited)",
					"@executable_path/Frameworks",
				);
				MARKETING_VERSION = 1.0;
				PRODUCT_BUNDLE_IDENTIFIER = swift.Colleciones;
				PRODUCT_NAME = "$(TARGET_NAME)";
				SWIFT_EMIT_LOC_STRINGS = YES;
				SWIFT_VERSION = 5.0;
				TARGETED_DEVICE_FAMILY = "1,2";
			};
			name = Release;
		};
/* End XCBuildConfiguration section */

/* Begin XCConfigurationList section */
		D317A9452BD228E400C04D71 /* Build configuration list for PBXProject "Colleciones" */ = {
			isa = XCConfigurationList;
			buildConfigurations = (
				D317A95C2BD228E600C04D71 /* Debug */,
				D317A95D2BD228E600C04D71 /* Release */,
			);
			defaultConfigurationIsVisible = 0;
			defaultConfigurationName = Release;
		};
		D317A95E2BD228E600C04D71 /* Build configuration list for PBXNativeTarget "Colleciones" */ = {
			isa = XCConfigurationList;
			buildConfigurations = (
				D317A95F2BD228E600C04D71 /* Debug */,
				D317A9602BD228E600C04D71 /* Release */,
			);
			defaultConfigurationIsVisible = 0;
			defaultConfigurationName = Release;
		};
/* End XCConfigurationList section */
	};
	rootObject = D317A9422BD228E400C04D71 /* Project object */;
}
